
Microsoft Visual Studio Solution File, Format Version 12.00
# Visual Studio 15
Project("{FAE04EC0-301F-11D3-BF4B-00C04F79EFBC}") = "Assembly-CSharp", "Assembly-CSharp.csproj", "{5BD33431-D392-7392-D9F7-7E97E2D8799E}"
EndProject
Project("{FAE04EC0-301F-11D3-BF4B-00C04F79EFBC}") = "Assembly-CSharp-Editor", "Assembly-CSharp-Editor.csproj", "{D7725297-0C03-126F-CE0A-1B04126FBFF2}"
EndProject
Global
	GlobalSection(SolutionConfigurationPlatforms) = preSolution
		Debug|Any CPU = Debug|Any CPU
		Release|Any CPU = Release|Any CPU
	EndGlobalSection
	GlobalSection(ProjectConfigurationPlatforms) = postSolution
		{5BD33431-D392-7392-D9F7-7E97E2D8799E}.Debug|Any CPU.ActiveCfg = Debug|Any CPU
		{5BD33431-D392-7392-D9F7-7E97E2D8799E}.Debug|Any CPU.Build.0 = Debug|Any CPU
		{5BD33431-D392-7392-D9F7-7E97E2D8799E}.Release|Any CPU.ActiveCfg = Release|Any CPU
		{5BD33431-D392-7392-D9F7-7E97E2D8799E}.Release|Any CPU.Build.0 = Release|Any CPU
		{D7725297-0C03-126F-CE0A-1B04126FBFF2}.Debug|Any CPU.ActiveCfg = Debug|Any CPU
		{D7725297-0C03-126F-CE0A-1B04126FBFF2}.Debug|Any CPU.Build.0 = Debug|Any CPU
		{D7725297-0C03-126F-CE0A-1B04126FBFF2}.Release|Any CPU.ActiveCfg = Release|Any CPU
		{D7725297-0C03-126F-CE0A-1B04126FBFF2}.Release|Any CPU.Build.0 = Release|Any CPU
	EndGlobalSection
	GlobalSection(SolutionProperties) = preSolution
		HideSolutionNode = FALSE
	EndGlobalSection
	GlobalSection(MonoDevelopProperties) = preSolution
		StartupItem = Assembly-CSharp.csproj
	EndGlobalSection
EndGlobal
